
Microsoft Visual Studio Solution File, Format Version 12.00
# Visual Studio Version 17
VisualStudioVersion = 17.13.35931.197
MinimumVisualStudioVersion = 10.0.40219.1
Project("{FAE04EC0-301F-11D3-BF4B-00C04F79EFBC}") = "KEISAN HRIS v2", "KEISAN HRIS v2.csproj", "{1EE3EB78-0A4D-44D0-BDE8-716C01437483}"
EndProject
Global
	GlobalSection(SolutionConfigurationPlatforms) = preSolution
		Debug|Any CPU = Debug|Any CPU
		Release|Any CPU = Release|Any CPU
	EndGlobalSection
	GlobalSection(ProjectConfigurationPlatforms) = postSolution
		{1EE3EB78-0A4D-44D0-BDE8-716C01437483}.Debug|Any CPU.ActiveCfg = Debug|Any CPU
		{1EE3EB78-0A4D-44D0-BDE8-716C01437483}.Debug|Any CPU.Build.0 = Debug|Any CPU
		{1EE3EB78-0A4D-44D0-BDE8-716C01437483}.Release|Any CPU.ActiveCfg = Debug|Any CPU
		{1EE3EB78-0A4D-44D0-BDE8-716C01437483}.Release|Any CPU.Build.0 = Debug|Any CPU
	EndGlobalSection
	GlobalSection(SolutionProperties) = preSolution
		HideSolutionNode = FALSE
	EndGlobalSection
	GlobalSection(ExtensibilityGlobals) = postSolution
		SolutionGuid = {B3ED9435-EE63-4DDE-BAAC-E2D0D358B7E7}
	EndGlobalSection
EndGlobal
